
Microsoft Visual Studio Solution File, Format Version 12.00
# Visual Studio Version 16
VisualStudioVersion = 16.0.29009.5
MinimumVisualStudioVersion = 10.0.40219.1
Project("{9A19103F-16F7-4668-BE54-9A1E7A4F7556}") = "Minimal", "Minimal\content\Minimal.csproj", "{67BC3C6A-00B1-4C26-93D5-ED1BF24D4F95}"
EndProject
Global
	GlobalSection(SolutionConfigurationPlatforms) = preSolution
		Debug|Any CPU = Debug|Any CPU
		Release|Any CPU = Release|Any CPU
	EndGlobalSection
	GlobalSection(ProjectConfigurationPlatforms) = postSolution
		{67BC3C6A-00B1-4C26-93D5-ED1BF24D4F95}.Debug|Any CPU.ActiveCfg = Debug|Any CPU
		{67BC3C6A-00B1-4C26-93D5-ED1BF24D4F95}.Debug|Any CPU.Build.0 = Debug|Any CPU
		{67BC3C6A-00B1-4C26-93D5-ED1BF24D4F95}.Release|Any CPU.ActiveCfg = Release|Any CPU
		{67BC3C6A-00B1-4C26-93D5-ED1BF24D4F95}.Release|Any CPU.Build.0 = Release|Any CPU
	EndGlobalSection
	GlobalSection(SolutionProperties) = preSolution
		HideSolutionNode = FALSE
	EndGlobalSection
	GlobalSection(ExtensibilityGlobals) = postSolution
		SolutionGuid = {21BC7311-F223-426C-A00A-5B4AF96E569B}
	EndGlobalSection
EndGlobal
