
Microsoft Visual Studio Solution File, Format Version 12.00
# Visual Studio Version 16
VisualStudioVersion = 16.0.29009.5
MinimumVisualStudioVersion = 10.0.40219.1
Project("{9A19103F-16F7-4668-BE54-9A1E7A4F7556}") = "MyProject.Minimal", "templates\MyProject.Minimal\MyProject.Minimal.csproj", "{46C60BA5-4119-48B7-9E0B-21A90FAF0ADB}"
EndProject
Project("{9A19103F-16F7-4668-BE54-9A1E7A4F7556}") = "MyProject.Api", "templates\MyProject.Api\MyProject.Api.csproj", "{3A86BD5A-2961-4C1B-867E-F09020302474}"
EndProject
Project("{9A19103F-16F7-4668-BE54-9A1E7A4F7556}") = "MyProject.WindowsServiceApi", "templates\MyProject.WindowsServiceApi\MyProject.WindowsServiceApi.csproj", "{E293C3EB-0830-4AA3-93FE-42E4B89847AA}"
EndProject
Project("{9A19103F-16F7-4668-BE54-9A1E7A4F7556}") = "MyProject.Angular", "templates\MyProject.Angular\MyProject.Angular.csproj", "{4FEDDA4A-F993-4B65-9CC6-8F1C3FA57937}"
EndProject
Project("{9A19103F-16F7-4668-BE54-9A1E7A4F7556}") = "MyProject.SchedulerApi", "templates\MyProject.SchedulerApi\MyProject.SchedulerApi.csproj", "{95A81656-07FD-46C1-8784-5EFA79FC7BCD}"
EndProject
Global
	GlobalSection(SolutionConfigurationPlatforms) = preSolution
		Debug|Any CPU = Debug|Any CPU
		Release|Any CPU = Release|Any CPU
	EndGlobalSection
	GlobalSection(ProjectConfigurationPlatforms) = postSolution
		{46C60BA5-4119-48B7-9E0B-21A90FAF0ADB}.Debug|Any CPU.ActiveCfg = Debug|Any CPU
		{46C60BA5-4119-48B7-9E0B-21A90FAF0ADB}.Debug|Any CPU.Build.0 = Debug|Any CPU
		{46C60BA5-4119-48B7-9E0B-21A90FAF0ADB}.Release|Any CPU.ActiveCfg = Release|Any CPU
		{46C60BA5-4119-48B7-9E0B-21A90FAF0ADB}.Release|Any CPU.Build.0 = Release|Any CPU
		{3A86BD5A-2961-4C1B-867E-F09020302474}.Debug|Any CPU.ActiveCfg = Debug|Any CPU
		{3A86BD5A-2961-4C1B-867E-F09020302474}.Debug|Any CPU.Build.0 = Debug|Any CPU
		{3A86BD5A-2961-4C1B-867E-F09020302474}.Release|Any CPU.ActiveCfg = Release|Any CPU
		{3A86BD5A-2961-4C1B-867E-F09020302474}.Release|Any CPU.Build.0 = Release|Any CPU
		{E293C3EB-0830-4AA3-93FE-42E4B89847AA}.Debug|Any CPU.ActiveCfg = Debug|Any CPU
		{E293C3EB-0830-4AA3-93FE-42E4B89847AA}.Debug|Any CPU.Build.0 = Debug|Any CPU
		{E293C3EB-0830-4AA3-93FE-42E4B89847AA}.Release|Any CPU.ActiveCfg = Release|Any CPU
		{E293C3EB-0830-4AA3-93FE-42E4B89847AA}.Release|Any CPU.Build.0 = Release|Any CPU
		{4FEDDA4A-F993-4B65-9CC6-8F1C3FA57937}.Debug|Any CPU.ActiveCfg = Debug|Any CPU
		{4FEDDA4A-F993-4B65-9CC6-8F1C3FA57937}.Debug|Any CPU.Build.0 = Debug|Any CPU
		{4FEDDA4A-F993-4B65-9CC6-8F1C3FA57937}.Release|Any CPU.ActiveCfg = Release|Any CPU
		{4FEDDA4A-F993-4B65-9CC6-8F1C3FA57937}.Release|Any CPU.Build.0 = Release|Any CPU
		{95A81656-07FD-46C1-8784-5EFA79FC7BCD}.Debug|Any CPU.ActiveCfg = Debug|Any CPU
		{95A81656-07FD-46C1-8784-5EFA79FC7BCD}.Debug|Any CPU.Build.0 = Debug|Any CPU
		{95A81656-07FD-46C1-8784-5EFA79FC7BCD}.Release|Any CPU.ActiveCfg = Release|Any CPU
		{95A81656-07FD-46C1-8784-5EFA79FC7BCD}.Release|Any CPU.Build.0 = Release|Any CPU
	EndGlobalSection
	GlobalSection(SolutionProperties) = preSolution
		HideSolutionNode = FALSE
	EndGlobalSection
	GlobalSection(ExtensibilityGlobals) = postSolution
		SolutionGuid = {21BC7311-F223-426C-A00A-5B4AF96E569B}
	EndGlobalSection
EndGlobal
